
Microsoft Visual Studio Solution File, Format Version 12.00
# Visual Studio Version 17
VisualStudioVersion = 17.13.35919.96
MinimumVisualStudioVersion = 10.0.40219.1
Project("{FAE04EC0-301F-11D3-BF4B-00C04F79EFBC}") = "CrudApiJwt", "CrudApiJwt.csproj", "{BF52DC1F-611A-4604-A56F-60E4D5AEE38E}"
EndProject
Project("{FAE04EC0-301F-11D3-BF4B-00C04F79EFBC}") = "CrudApiJwt.Tests", "..\CrudApiJwt.Tests\CrudApiJwt.Tests.csproj", "{7FF4DDC5-1297-4100-BC83-3034C80B52FD}"
EndProject
Global
	GlobalSection(SolutionConfigurationPlatforms) = preSolution
		Debug|Any CPU = Debug|Any CPU
		Release|Any CPU = Release|Any CPU
	EndGlobalSection
	GlobalSection(ProjectConfigurationPlatforms) = postSolution
		{BF52DC1F-611A-4604-A56F-60E4D5AEE38E}.Debug|Any CPU.ActiveCfg = Debug|Any CPU
		{BF52DC1F-611A-4604-A56F-60E4D5AEE38E}.Debug|Any CPU.Build.0 = Debug|Any CPU
		{BF52DC1F-611A-4604-A56F-60E4D5AEE38E}.Release|Any CPU.ActiveCfg = Release|Any CPU
		{BF52DC1F-611A-4604-A56F-60E4D5AEE38E}.Release|Any CPU.Build.0 = Release|Any CPU
		{7FF4DDC5-1297-4100-BC83-3034C80B52FD}.Debug|Any CPU.ActiveCfg = Debug|Any CPU
		{7FF4DDC5-1297-4100-BC83-3034C80B52FD}.Debug|Any CPU.Build.0 = Debug|Any CPU
		{7FF4DDC5-1297-4100-BC83-3034C80B52FD}.Release|Any CPU.ActiveCfg = Release|Any CPU
		{7FF4DDC5-1297-4100-BC83-3034C80B52FD}.Release|Any CPU.Build.0 = Release|Any CPU
	EndGlobalSection
	GlobalSection(SolutionProperties) = preSolution
		HideSolutionNode = FALSE
	EndGlobalSection
	GlobalSection(ExtensibilityGlobals) = postSolution
		SolutionGuid = {649767F9-54C6-4114-A356-EF7EE84063ED}
	EndGlobalSection
EndGlobal
